
Microsoft Visual Studio Solution File, Format Version 12.00
# Visual Studio Version 17
VisualStudioVersion = 17.10.35004.147
MinimumVisualStudioVersion = 10.0.40219.1
Project("{FAE04EC0-301F-11D3-BF4B-00C04F79EFBC}") = "MauiTempoAgora", "MauiTempoAgora\MauiTempoAgora.csproj", "{C6988242-6CFE-4947-9EE4-E8DEE8935793}"
EndProject
Global
	GlobalSection(SolutionConfigurationPlatforms) = preSolution
		Debug|Any CPU = Debug|Any CPU
		Release|Any CPU = Release|Any CPU
	EndGlobalSection
	GlobalSection(ProjectConfigurationPlatforms) = postSolution
		{C6988242-6CFE-4947-9EE4-E8DEE8935793}.Debug|Any CPU.ActiveCfg = Debug|Any CPU
		{C6988242-6CFE-4947-9EE4-E8DEE8935793}.Debug|Any CPU.Build.0 = Debug|Any CPU
		{C6988242-6CFE-4947-9EE4-E8DEE8935793}.Debug|Any CPU.Deploy.0 = Debug|Any CPU
		{C6988242-6CFE-4947-9EE4-E8DEE8935793}.Release|Any CPU.ActiveCfg = Release|Any CPU
		{C6988242-6CFE-4947-9EE4-E8DEE8935793}.Release|Any CPU.Build.0 = Release|Any CPU
		{C6988242-6CFE-4947-9EE4-E8DEE8935793}.Release|Any CPU.Deploy.0 = Release|Any CPU
	EndGlobalSection
	GlobalSection(SolutionProperties) = preSolution
		HideSolutionNode = FALSE
	EndGlobalSection
	GlobalSection(ExtensibilityGlobals) = postSolution
		SolutionGuid = {06B14BC3-CBB5-4054-A8E0-54D426CBE516}
	EndGlobalSection
EndGlobal
